
Microsoft Visual Studio Solution File, Format Version 12.00
# Visual Studio Version 17
VisualStudioVersion = 17.8.34511.84
MinimumVisualStudioVersion = 10.0.40219.1
Project("{FAE04EC0-301F-11D3-BF4B-00C04F79EFBC}") = "GetCar.API", "GetCar.API\GetCar.API.csproj", "{A3D35A81-AAFE-43E6-AA29-DFED2793B785}"
EndProject
Project("{FAE04EC0-301F-11D3-BF4B-00C04F79EFBC}") = "GetCar.DB", "GetCar.DB\GetCar.DB.csproj", "{04C798C8-B68A-4BD3-9073-C2015237B7C0}"
EndProject
Project("{FAE04EC0-301F-11D3-BF4B-00C04F79EFBC}") = "GetCar.BL", "GetCar.BL\GetCar.BL.csproj", "{F08DCE85-40DF-4470-BE7B-049A636A548B}"
EndProject
Global
	GlobalSection(SolutionConfigurationPlatforms) = preSolution
		Debug|Any CPU = Debug|Any CPU
		Release|Any CPU = Release|Any CPU
	EndGlobalSection
	GlobalSection(ProjectConfigurationPlatforms) = postSolution
		{A3D35A81-AAFE-43E6-AA29-DFED2793B785}.Debug|Any CPU.ActiveCfg = Debug|Any CPU
		{A3D35A81-AAFE-43E6-AA29-DFED2793B785}.Debug|Any CPU.Build.0 = Debug|Any CPU
		{A3D35A81-AAFE-43E6-AA29-DFED2793B785}.Release|Any CPU.ActiveCfg = Release|Any CPU
		{A3D35A81-AAFE-43E6-AA29-DFED2793B785}.Release|Any CPU.Build.0 = Release|Any CPU
		{04C798C8-B68A-4BD3-9073-C2015237B7C0}.Debug|Any CPU.ActiveCfg = Debug|Any CPU
		{04C798C8-B68A-4BD3-9073-C2015237B7C0}.Debug|Any CPU.Build.0 = Debug|Any CPU
		{04C798C8-B68A-4BD3-9073-C2015237B7C0}.Release|Any CPU.ActiveCfg = Release|Any CPU
		{04C798C8-B68A-4BD3-9073-C2015237B7C0}.Release|Any CPU.Build.0 = Release|Any CPU
		{F08DCE85-40DF-4470-BE7B-049A636A548B}.Debug|Any CPU.ActiveCfg = Debug|Any CPU
		{F08DCE85-40DF-4470-BE7B-049A636A548B}.Debug|Any CPU.Build.0 = Debug|Any CPU
		{F08DCE85-40DF-4470-BE7B-049A636A548B}.Release|Any CPU.ActiveCfg = Release|Any CPU
		{F08DCE85-40DF-4470-BE7B-049A636A548B}.Release|Any CPU.Build.0 = Release|Any CPU
	EndGlobalSection
	GlobalSection(SolutionProperties) = preSolution
		HideSolutionNode = FALSE
	EndGlobalSection
	GlobalSection(ExtensibilityGlobals) = postSolution
		SolutionGuid = {009508A0-41F8-423A-A052-6E5BCD3CEF55}
	EndGlobalSection
EndGlobal
